
Microsoft Visual Studio Solution File, Format Version 12.00
# Visual Studio Version 16
VisualStudioVersion = 16.0.28922.388
MinimumVisualStudioVersion = 10.0.40219.1
Project("{9A19103F-16F7-4668-BE54-9A1E7A4F7556}") = "UniformQueries", "Core\UniformQueries\UniformQueries.csproj", "{CC07EA8A-C12B-4E65-B734-A68E073F2CC6}"
EndProject
Project("{FAE04EC0-301F-11D3-BF4B-00C04F79EFBC}") = "AuthorityController", "Addons\AuthorityController\AuthorityController.csproj", "{A64E9D28-BA9C-43B8-B894-E73DD0E23970}"
EndProject
Project("{9A19103F-16F7-4668-BE54-9A1E7A4F7556}") = "ConsoleDraw", "Addons\ConsoleDraw\ConsoleDraw.csproj", "{415C2C26-D8E0-4201-9C02-5D77480E74AF}"
EndProject
Project("{FAE04EC0-301F-11D3-BF4B-00C04F79EFBC}") = "PipesProvider", "Core\PipesProvider\PipesProvider.csproj", "{6A8ABAB9-A495-4286-8606-7360AFF2A7B7}"
EndProject
Project("{2150E333-8FDC-42A3-9474-1A3956D46DE8}") = "Tests", "Tests", "{5E134BBA-6DCF-4AFE-B676-15E2CEF54DA2}"
EndProject
Project("{2150E333-8FDC-42A3-9474-1A3956D46DE8}") = "Core", "Core", "{FDF87D80-350E-4AAB-B396-8DD294CE941A}"
EndProject
Project("{2150E333-8FDC-42A3-9474-1A3956D46DE8}") = "Addons", "Addons", "{33AA4E5C-E9CA-41AB-8897-FFF64A143176}"
EndProject
Project("{2150E333-8FDC-42A3-9474-1A3956D46DE8}") = "Servers", "Servers", "{E635F229-2F40-4820-A10C-5AA667A0CBCB}"
EndProject
Project("{FAE04EC0-301F-11D3-BF4B-00C04F79EFBC}") = "ACTests", "Tests\ACTests\ACTests.csproj", "{36536582-1CDD-4E25-973E-E6907A2F59CF}"
EndProject
Project("{2150E333-8FDC-42A3-9474-1A3956D46DE8}") = "Examples", "Examples", "{BB4868D2-FF53-48DD-9019-F9D3ADCB8FC9}"
EndProject
Project("{FAE04EC0-301F-11D3-BF4B-00C04F79EFBC}") = "ExampleClient", "Examples\ExampleClient\ExampleClient.csproj", "{9430AC54-87EB-4F96-ACF4-9A634C50ABFA}"
EndProject
Project("{FAE04EC0-301F-11D3-BF4B-00C04F79EFBC}") = "SessionProvider", "Examples\Servers\SessionProvider\SessionProvider.csproj", "{EB9B28A4-91D4-487F-81BD-9B6DED35A901}"
EndProject
Project("{2150E333-8FDC-42A3-9474-1A3956D46DE8}") = "Queries", "Queries", "{E8F032DB-C532-4666-B1BF-84CFD425BBB9}"
EndProject
Project("{FAE04EC0-301F-11D3-BF4B-00C04F79EFBC}") = "DNFCore", "Core\DNFCore\DNFCore.csproj", "{D6EE0A40-2365-461B-A81E-5C1441C6E0BF}"
EndProject
Project("{FAE04EC0-301F-11D3-BF4B-00C04F79EFBC}") = "QueriesServer", "Examples\Servers\QueriesServer\QueriesServer.csproj", "{4A1F54A5-B400-4E67-BBFB-7F86FAC8452C}"
EndProject
Project("{FAE04EC0-301F-11D3-BF4B-00C04F79EFBC}") = "PipesProviderTests", "Tests\PipesProviderTests\PipesProviderTests.csproj", "{7235FC54-03C3-4D07-A027-479FCF17986D}"
EndProject
Global
	GlobalSection(SolutionConfigurationPlatforms) = preSolution
		Debug|Any CPU = Debug|Any CPU
		Release|Any CPU = Release|Any CPU
	EndGlobalSection
	GlobalSection(ProjectConfigurationPlatforms) = postSolution
		{CC07EA8A-C12B-4E65-B734-A68E073F2CC6}.Debug|Any CPU.ActiveCfg = Debug|Any CPU
		{CC07EA8A-C12B-4E65-B734-A68E073F2CC6}.Debug|Any CPU.Build.0 = Debug|Any CPU
		{CC07EA8A-C12B-4E65-B734-A68E073F2CC6}.Release|Any CPU.ActiveCfg = Release|Any CPU
		{CC07EA8A-C12B-4E65-B734-A68E073F2CC6}.Release|Any CPU.Build.0 = Release|Any CPU
		{A64E9D28-BA9C-43B8-B894-E73DD0E23970}.Debug|Any CPU.ActiveCfg = Debug|Any CPU
		{A64E9D28-BA9C-43B8-B894-E73DD0E23970}.Debug|Any CPU.Build.0 = Debug|Any CPU
		{A64E9D28-BA9C-43B8-B894-E73DD0E23970}.Release|Any CPU.ActiveCfg = Release|Any CPU
		{A64E9D28-BA9C-43B8-B894-E73DD0E23970}.Release|Any CPU.Build.0 = Release|Any CPU
		{415C2C26-D8E0-4201-9C02-5D77480E74AF}.Debug|Any CPU.ActiveCfg = Debug|Any CPU
		{415C2C26-D8E0-4201-9C02-5D77480E74AF}.Debug|Any CPU.Build.0 = Debug|Any CPU
		{415C2C26-D8E0-4201-9C02-5D77480E74AF}.Release|Any CPU.ActiveCfg = Release|Any CPU
		{415C2C26-D8E0-4201-9C02-5D77480E74AF}.Release|Any CPU.Build.0 = Release|Any CPU
		{6A8ABAB9-A495-4286-8606-7360AFF2A7B7}.Debug|Any CPU.ActiveCfg = Debug|Any CPU
		{6A8ABAB9-A495-4286-8606-7360AFF2A7B7}.Debug|Any CPU.Build.0 = Debug|Any CPU
		{6A8ABAB9-A495-4286-8606-7360AFF2A7B7}.Release|Any CPU.ActiveCfg = Release|Any CPU
		{6A8ABAB9-A495-4286-8606-7360AFF2A7B7}.Release|Any CPU.Build.0 = Release|Any CPU
		{36536582-1CDD-4E25-973E-E6907A2F59CF}.Debug|Any CPU.ActiveCfg = Debug|Any CPU
		{36536582-1CDD-4E25-973E-E6907A2F59CF}.Debug|Any CPU.Build.0 = Debug|Any CPU
		{36536582-1CDD-4E25-973E-E6907A2F59CF}.Release|Any CPU.ActiveCfg = Release|Any CPU
		{36536582-1CDD-4E25-973E-E6907A2F59CF}.Release|Any CPU.Build.0 = Release|Any CPU
		{9430AC54-87EB-4F96-ACF4-9A634C50ABFA}.Debug|Any CPU.ActiveCfg = Debug|Any CPU
		{9430AC54-87EB-4F96-ACF4-9A634C50ABFA}.Debug|Any CPU.Build.0 = Debug|Any CPU
		{9430AC54-87EB-4F96-ACF4-9A634C50ABFA}.Release|Any CPU.ActiveCfg = Release|Any CPU
		{9430AC54-87EB-4F96-ACF4-9A634C50ABFA}.Release|Any CPU.Build.0 = Release|Any CPU
		{EB9B28A4-91D4-487F-81BD-9B6DED35A901}.Debug|Any CPU.ActiveCfg = Debug|Any CPU
		{EB9B28A4-91D4-487F-81BD-9B6DED35A901}.Debug|Any CPU.Build.0 = Debug|Any CPU
		{EB9B28A4-91D4-487F-81BD-9B6DED35A901}.Release|Any CPU.ActiveCfg = Release|Any CPU
		{EB9B28A4-91D4-487F-81BD-9B6DED35A901}.Release|Any CPU.Build.0 = Release|Any CPU
		{D6EE0A40-2365-461B-A81E-5C1441C6E0BF}.Debug|Any CPU.ActiveCfg = Debug|Any CPU
		{D6EE0A40-2365-461B-A81E-5C1441C6E0BF}.Debug|Any CPU.Build.0 = Debug|Any CPU
		{D6EE0A40-2365-461B-A81E-5C1441C6E0BF}.Release|Any CPU.ActiveCfg = Release|Any CPU
		{D6EE0A40-2365-461B-A81E-5C1441C6E0BF}.Release|Any CPU.Build.0 = Release|Any CPU
		{4A1F54A5-B400-4E67-BBFB-7F86FAC8452C}.Debug|Any CPU.ActiveCfg = Debug|Any CPU
		{4A1F54A5-B400-4E67-BBFB-7F86FAC8452C}.Debug|Any CPU.Build.0 = Debug|Any CPU
		{4A1F54A5-B400-4E67-BBFB-7F86FAC8452C}.Release|Any CPU.ActiveCfg = Release|Any CPU
		{4A1F54A5-B400-4E67-BBFB-7F86FAC8452C}.Release|Any CPU.Build.0 = Release|Any CPU
		{7235FC54-03C3-4D07-A027-479FCF17986D}.Debug|Any CPU.ActiveCfg = Debug|Any CPU
		{7235FC54-03C3-4D07-A027-479FCF17986D}.Debug|Any CPU.Build.0 = Debug|Any CPU
		{7235FC54-03C3-4D07-A027-479FCF17986D}.Release|Any CPU.ActiveCfg = Release|Any CPU
		{7235FC54-03C3-4D07-A027-479FCF17986D}.Release|Any CPU.Build.0 = Release|Any CPU
	EndGlobalSection
	GlobalSection(SolutionProperties) = preSolution
		HideSolutionNode = FALSE
	EndGlobalSection
	GlobalSection(NestedProjects) = preSolution
		{CC07EA8A-C12B-4E65-B734-A68E073F2CC6} = {FDF87D80-350E-4AAB-B396-8DD294CE941A}
		{A64E9D28-BA9C-43B8-B894-E73DD0E23970} = {33AA4E5C-E9CA-41AB-8897-FFF64A143176}
		{415C2C26-D8E0-4201-9C02-5D77480E74AF} = {33AA4E5C-E9CA-41AB-8897-FFF64A143176}
		{6A8ABAB9-A495-4286-8606-7360AFF2A7B7} = {FDF87D80-350E-4AAB-B396-8DD294CE941A}
		{E635F229-2F40-4820-A10C-5AA667A0CBCB} = {BB4868D2-FF53-48DD-9019-F9D3ADCB8FC9}
		{36536582-1CDD-4E25-973E-E6907A2F59CF} = {5E134BBA-6DCF-4AFE-B676-15E2CEF54DA2}
		{9430AC54-87EB-4F96-ACF4-9A634C50ABFA} = {BB4868D2-FF53-48DD-9019-F9D3ADCB8FC9}
		{EB9B28A4-91D4-487F-81BD-9B6DED35A901} = {E635F229-2F40-4820-A10C-5AA667A0CBCB}
		{D6EE0A40-2365-461B-A81E-5C1441C6E0BF} = {FDF87D80-350E-4AAB-B396-8DD294CE941A}
		{4A1F54A5-B400-4E67-BBFB-7F86FAC8452C} = {E635F229-2F40-4820-A10C-5AA667A0CBCB}
		{7235FC54-03C3-4D07-A027-479FCF17986D} = {5E134BBA-6DCF-4AFE-B676-15E2CEF54DA2}
	EndGlobalSection
	GlobalSection(ExtensibilityGlobals) = postSolution
		SolutionGuid = {BBC048DD-8E18-441D-BEF9-A395A421C470}
	EndGlobalSection
EndGlobal
