
Microsoft Visual Studio Solution File, Format Version 12.00
# Visual Studio Version 16
VisualStudioVersion = 16.0.28922.388
MinimumVisualStudioVersion = 10.0.40219.1
Project("{9A19103F-16F7-4668-BE54-9A1E7A4F7556}") = "UniformClient", "Core\UniformClient\UniformClient.csproj", "{7B1FD360-4A04-4574-B15E-8FC2D7C4DBAD}"
EndProject
Project("{9A19103F-16F7-4668-BE54-9A1E7A4F7556}") = "UniformQueries", "Core\UniformQueries\UniformQueries.csproj", "{CC07EA8A-C12B-4E65-B734-A68E073F2CC6}"
EndProject
Project("{9A19103F-16F7-4668-BE54-9A1E7A4F7556}") = "UniformServer", "Core\UniformServer\UniformServer.csproj", "{9E8BF96B-7476-46AC-AC59-D9ECD4E8308C}"
EndProject
Project("{FAE04EC0-301F-11D3-BF4B-00C04F79EFBC}") = "AuthorityController", "Addons\AuthorityController\AuthorityController.csproj", "{A64E9D28-BA9C-43B8-B894-E73DD0E23970}"
EndProject
Project("{9A19103F-16F7-4668-BE54-9A1E7A4F7556}") = "ConsoleDraw", "Addons\ConsoleDraw\ConsoleDraw.csproj", "{415C2C26-D8E0-4201-9C02-5D77480E74AF}"
EndProject
Project("{FAE04EC0-301F-11D3-BF4B-00C04F79EFBC}") = "SessionProvider", "Servers\SessionProvider\SessionProvider.csproj", "{EB9B28A4-91D4-487F-81BD-9B6DED35A901}"
EndProject
Project("{FAE04EC0-301F-11D3-BF4B-00C04F79EFBC}") = "QueriesServer", "Servers\QueriesServer\QueriesServer.csproj", "{4A1F54A5-B400-4E67-BBFB-7F86FAC8452C}"
EndProject
Project("{FAE04EC0-301F-11D3-BF4B-00C04F79EFBC}") = "TestClient", "Tests\TestClient\TestClient.csproj", "{9430AC54-87EB-4F96-ACF4-9A634C50ABFA}"
EndProject
Project("{FAE04EC0-301F-11D3-BF4B-00C04F79EFBC}") = "PipesProvider", "Core\PipesProvider\PipesProvider.csproj", "{6A8ABAB9-A495-4286-8606-7360AFF2A7B7}"
EndProject
Project("{2150E333-8FDC-42A3-9474-1A3956D46DE8}") = "Tests", "Tests", "{5E134BBA-6DCF-4AFE-B676-15E2CEF54DA2}"
EndProject
Project("{2150E333-8FDC-42A3-9474-1A3956D46DE8}") = "Core", "Core", "{FDF87D80-350E-4AAB-B396-8DD294CE941A}"
EndProject
Project("{2150E333-8FDC-42A3-9474-1A3956D46DE8}") = "Addons", "Addons", "{33AA4E5C-E9CA-41AB-8897-FFF64A143176}"
EndProject
Project("{2150E333-8FDC-42A3-9474-1A3956D46DE8}") = "Servers", "Servers", "{E635F229-2F40-4820-A10C-5AA667A0CBCB}"
EndProject
Project("{FAE04EC0-301F-11D3-BF4B-00C04F79EFBC}") = "ACTests", "Tests\ACTests\ACTests.csproj", "{36536582-1CDD-4E25-973E-E6907A2F59CF}"
EndProject
Global
	GlobalSection(SolutionConfigurationPlatforms) = preSolution
		Debug|Any CPU = Debug|Any CPU
		Release|Any CPU = Release|Any CPU
	EndGlobalSection
	GlobalSection(ProjectConfigurationPlatforms) = postSolution
		{7B1FD360-4A04-4574-B15E-8FC2D7C4DBAD}.Debug|Any CPU.ActiveCfg = Debug|Any CPU
		{7B1FD360-4A04-4574-B15E-8FC2D7C4DBAD}.Debug|Any CPU.Build.0 = Debug|Any CPU
		{7B1FD360-4A04-4574-B15E-8FC2D7C4DBAD}.Release|Any CPU.ActiveCfg = Release|Any CPU
		{7B1FD360-4A04-4574-B15E-8FC2D7C4DBAD}.Release|Any CPU.Build.0 = Release|Any CPU
		{CC07EA8A-C12B-4E65-B734-A68E073F2CC6}.Debug|Any CPU.ActiveCfg = Debug|Any CPU
		{CC07EA8A-C12B-4E65-B734-A68E073F2CC6}.Debug|Any CPU.Build.0 = Debug|Any CPU
		{CC07EA8A-C12B-4E65-B734-A68E073F2CC6}.Release|Any CPU.ActiveCfg = Release|Any CPU
		{CC07EA8A-C12B-4E65-B734-A68E073F2CC6}.Release|Any CPU.Build.0 = Release|Any CPU
		{9E8BF96B-7476-46AC-AC59-D9ECD4E8308C}.Debug|Any CPU.ActiveCfg = Debug|Any CPU
		{9E8BF96B-7476-46AC-AC59-D9ECD4E8308C}.Debug|Any CPU.Build.0 = Debug|Any CPU
		{9E8BF96B-7476-46AC-AC59-D9ECD4E8308C}.Release|Any CPU.ActiveCfg = Release|Any CPU
		{9E8BF96B-7476-46AC-AC59-D9ECD4E8308C}.Release|Any CPU.Build.0 = Release|Any CPU
		{A64E9D28-BA9C-43B8-B894-E73DD0E23970}.Debug|Any CPU.ActiveCfg = Debug|Any CPU
		{A64E9D28-BA9C-43B8-B894-E73DD0E23970}.Debug|Any CPU.Build.0 = Debug|Any CPU
		{A64E9D28-BA9C-43B8-B894-E73DD0E23970}.Release|Any CPU.ActiveCfg = Release|Any CPU
		{A64E9D28-BA9C-43B8-B894-E73DD0E23970}.Release|Any CPU.Build.0 = Release|Any CPU
		{415C2C26-D8E0-4201-9C02-5D77480E74AF}.Debug|Any CPU.ActiveCfg = Debug|Any CPU
		{415C2C26-D8E0-4201-9C02-5D77480E74AF}.Debug|Any CPU.Build.0 = Debug|Any CPU
		{415C2C26-D8E0-4201-9C02-5D77480E74AF}.Release|Any CPU.ActiveCfg = Release|Any CPU
		{415C2C26-D8E0-4201-9C02-5D77480E74AF}.Release|Any CPU.Build.0 = Release|Any CPU
		{EB9B28A4-91D4-487F-81BD-9B6DED35A901}.Debug|Any CPU.ActiveCfg = Debug|Any CPU
		{EB9B28A4-91D4-487F-81BD-9B6DED35A901}.Debug|Any CPU.Build.0 = Debug|Any CPU
		{EB9B28A4-91D4-487F-81BD-9B6DED35A901}.Release|Any CPU.ActiveCfg = Release|Any CPU
		{EB9B28A4-91D4-487F-81BD-9B6DED35A901}.Release|Any CPU.Build.0 = Release|Any CPU
		{4A1F54A5-B400-4E67-BBFB-7F86FAC8452C}.Debug|Any CPU.ActiveCfg = Debug|Any CPU
		{4A1F54A5-B400-4E67-BBFB-7F86FAC8452C}.Debug|Any CPU.Build.0 = Debug|Any CPU
		{4A1F54A5-B400-4E67-BBFB-7F86FAC8452C}.Release|Any CPU.ActiveCfg = Release|Any CPU
		{4A1F54A5-B400-4E67-BBFB-7F86FAC8452C}.Release|Any CPU.Build.0 = Release|Any CPU
		{9430AC54-87EB-4F96-ACF4-9A634C50ABFA}.Debug|Any CPU.ActiveCfg = Debug|Any CPU
		{9430AC54-87EB-4F96-ACF4-9A634C50ABFA}.Debug|Any CPU.Build.0 = Debug|Any CPU
		{9430AC54-87EB-4F96-ACF4-9A634C50ABFA}.Release|Any CPU.ActiveCfg = Release|Any CPU
		{9430AC54-87EB-4F96-ACF4-9A634C50ABFA}.Release|Any CPU.Build.0 = Release|Any CPU
		{6A8ABAB9-A495-4286-8606-7360AFF2A7B7}.Debug|Any CPU.ActiveCfg = Debug|Any CPU
		{6A8ABAB9-A495-4286-8606-7360AFF2A7B7}.Debug|Any CPU.Build.0 = Debug|Any CPU
		{6A8ABAB9-A495-4286-8606-7360AFF2A7B7}.Release|Any CPU.ActiveCfg = Release|Any CPU
		{6A8ABAB9-A495-4286-8606-7360AFF2A7B7}.Release|Any CPU.Build.0 = Release|Any CPU
		{36536582-1CDD-4E25-973E-E6907A2F59CF}.Debug|Any CPU.ActiveCfg = Debug|Any CPU
		{36536582-1CDD-4E25-973E-E6907A2F59CF}.Debug|Any CPU.Build.0 = Debug|Any CPU
		{36536582-1CDD-4E25-973E-E6907A2F59CF}.Release|Any CPU.ActiveCfg = Release|Any CPU
		{36536582-1CDD-4E25-973E-E6907A2F59CF}.Release|Any CPU.Build.0 = Release|Any CPU
	EndGlobalSection
	GlobalSection(SolutionProperties) = preSolution
		HideSolutionNode = FALSE
	EndGlobalSection
	GlobalSection(NestedProjects) = preSolution
		{7B1FD360-4A04-4574-B15E-8FC2D7C4DBAD} = {FDF87D80-350E-4AAB-B396-8DD294CE941A}
		{CC07EA8A-C12B-4E65-B734-A68E073F2CC6} = {FDF87D80-350E-4AAB-B396-8DD294CE941A}
		{9E8BF96B-7476-46AC-AC59-D9ECD4E8308C} = {FDF87D80-350E-4AAB-B396-8DD294CE941A}
		{A64E9D28-BA9C-43B8-B894-E73DD0E23970} = {33AA4E5C-E9CA-41AB-8897-FFF64A143176}
		{415C2C26-D8E0-4201-9C02-5D77480E74AF} = {33AA4E5C-E9CA-41AB-8897-FFF64A143176}
		{EB9B28A4-91D4-487F-81BD-9B6DED35A901} = {E635F229-2F40-4820-A10C-5AA667A0CBCB}
		{4A1F54A5-B400-4E67-BBFB-7F86FAC8452C} = {E635F229-2F40-4820-A10C-5AA667A0CBCB}
		{9430AC54-87EB-4F96-ACF4-9A634C50ABFA} = {5E134BBA-6DCF-4AFE-B676-15E2CEF54DA2}
		{6A8ABAB9-A495-4286-8606-7360AFF2A7B7} = {FDF87D80-350E-4AAB-B396-8DD294CE941A}
		{36536582-1CDD-4E25-973E-E6907A2F59CF} = {5E134BBA-6DCF-4AFE-B676-15E2CEF54DA2}
	EndGlobalSection
	GlobalSection(ExtensibilityGlobals) = postSolution
		SolutionGuid = {BBC048DD-8E18-441D-BEF9-A395A421C470}
	EndGlobalSection
EndGlobal
